
Microsoft Visual Studio Solution File, Format Version 12.00
# Visual Studio Version 16
VisualStudioVersion = 16.0.29102.190
MinimumVisualStudioVersion = 10.0.40219.1
Project("{FAE04EC0-301F-11D3-BF4B-00C04F79EFBC}") = "NSB.RDB4.Test", "NSB.RDB4.Test\NSB.RDB4.Test.csproj", "{ABE3DFDC-F1C3-4E30-86C0-5662D509CE3E}"
EndProject
Global
	GlobalSection(SolutionConfigurationPlatforms) = preSolution
		Debug|Any CPU = Debug|Any CPU
		Release|Any CPU = Release|Any CPU
	EndGlobalSection
	GlobalSection(ProjectConfigurationPlatforms) = postSolution
		{ABE3DFDC-F1C3-4E30-86C0-5662D509CE3E}.Debug|Any CPU.ActiveCfg = Debug|Any CPU
		{ABE3DFDC-F1C3-4E30-86C0-5662D509CE3E}.Debug|Any CPU.Build.0 = Debug|Any CPU
		{ABE3DFDC-F1C3-4E30-86C0-5662D509CE3E}.Release|Any CPU.ActiveCfg = Release|Any CPU
		{ABE3DFDC-F1C3-4E30-86C0-5662D509CE3E}.Release|Any CPU.Build.0 = Release|Any CPU
	EndGlobalSection
	GlobalSection(SolutionProperties) = preSolution
		HideSolutionNode = FALSE
	EndGlobalSection
	GlobalSection(ExtensibilityGlobals) = postSolution
		SolutionGuid = {AE37AF3C-BA71-4B51-9D07-6870D525ACB1}
	EndGlobalSection
EndGlobal
